
Microsoft Visual Studio Solution File, Format Version 11.00
# Visual C# Express 2010
Project("{FAE04EC0-301F-11D3-BF4B-00C04F79EFBC}") = "resxar", "resxar\resxar.csproj", "{E3F51609-8F24-4AAE-A4B3-9398E45E8751}"
EndProject
Project("{FAE04EC0-301F-11D3-BF4B-00C04F79EFBC}") = "resxar.Extension.Interface", "resxar.Extension.Interface\resxar.Extension.Interface.csproj", "{D2E089D1-B9C2-4E8D-A30E-050CDBE96E60}"
EndProject
Project("{FAE04EC0-301F-11D3-BF4B-00C04F79EFBC}") = "resxar.Test", "resxar.Test\resxar.Test.csproj", "{E17E6C52-1C9E-4C76-8708-B1B313B57558}"
	ProjectSection(ProjectDependencies) = postProject
		{E3F51609-8F24-4AAE-A4B3-9398E45E8751} = {E3F51609-8F24-4AAE-A4B3-9398E45E8751}
	EndProjectSection
EndProject
Project("{FAE04EC0-301F-11D3-BF4B-00C04F79EFBC}") = "resxar.Test.Extension", "resxar.Test.Extension\resxar.Test.Extension.csproj", "{D01FA4F8-A431-402F-A818-2E72A631FA82}"
EndProject
Project("{FAE04EC0-301F-11D3-BF4B-00C04F79EFBC}") = "resxar.Test.Extension.Depends", "resxar.Test.Extension.Depends\resxar.Test.Extension.Depends.csproj", "{53E7B529-90CD-403B-BEB9-70CB456988F9}"
EndProject
Global
	GlobalSection(SolutionConfigurationPlatforms) = preSolution
		Debug|Any CPU = Debug|Any CPU
		Debug|Mixed Platforms = Debug|Mixed Platforms
		Debug|x86 = Debug|x86
		Release|Any CPU = Release|Any CPU
		Release|Mixed Platforms = Release|Mixed Platforms
		Release|x86 = Release|x86
	EndGlobalSection
	GlobalSection(ProjectConfigurationPlatforms) = postSolution
		{E3F51609-8F24-4AAE-A4B3-9398E45E8751}.Debug|Any CPU.ActiveCfg = Debug|x86
		{E3F51609-8F24-4AAE-A4B3-9398E45E8751}.Debug|Mixed Platforms.ActiveCfg = Debug|x86
		{E3F51609-8F24-4AAE-A4B3-9398E45E8751}.Debug|Mixed Platforms.Build.0 = Debug|x86
		{E3F51609-8F24-4AAE-A4B3-9398E45E8751}.Debug|x86.ActiveCfg = Debug|x86
		{E3F51609-8F24-4AAE-A4B3-9398E45E8751}.Debug|x86.Build.0 = Debug|x86
		{E3F51609-8F24-4AAE-A4B3-9398E45E8751}.Release|Any CPU.ActiveCfg = Release|x86
		{E3F51609-8F24-4AAE-A4B3-9398E45E8751}.Release|Mixed Platforms.ActiveCfg = Release|x86
		{E3F51609-8F24-4AAE-A4B3-9398E45E8751}.Release|Mixed Platforms.Build.0 = Release|x86
		{E3F51609-8F24-4AAE-A4B3-9398E45E8751}.Release|x86.ActiveCfg = Release|x86
		{E3F51609-8F24-4AAE-A4B3-9398E45E8751}.Release|x86.Build.0 = Release|x86
		{D2E089D1-B9C2-4E8D-A30E-050CDBE96E60}.Debug|Any CPU.ActiveCfg = Debug|Any CPU
		{D2E089D1-B9C2-4E8D-A30E-050CDBE96E60}.Debug|Any CPU.Build.0 = Debug|Any CPU
		{D2E089D1-B9C2-4E8D-A30E-050CDBE96E60}.Debug|Mixed Platforms.ActiveCfg = Debug|Any CPU
		{D2E089D1-B9C2-4E8D-A30E-050CDBE96E60}.Debug|Mixed Platforms.Build.0 = Debug|Any CPU
		{D2E089D1-B9C2-4E8D-A30E-050CDBE96E60}.Debug|x86.ActiveCfg = Debug|Any CPU
		{D2E089D1-B9C2-4E8D-A30E-050CDBE96E60}.Release|Any CPU.ActiveCfg = Release|Any CPU
		{D2E089D1-B9C2-4E8D-A30E-050CDBE96E60}.Release|Any CPU.Build.0 = Release|Any CPU
		{D2E089D1-B9C2-4E8D-A30E-050CDBE96E60}.Release|Mixed Platforms.ActiveCfg = Release|Any CPU
		{D2E089D1-B9C2-4E8D-A30E-050CDBE96E60}.Release|Mixed Platforms.Build.0 = Release|Any CPU
		{D2E089D1-B9C2-4E8D-A30E-050CDBE96E60}.Release|x86.ActiveCfg = Release|Any CPU
		{E17E6C52-1C9E-4C76-8708-B1B313B57558}.Debug|Any CPU.ActiveCfg = Debug|x86
		{E17E6C52-1C9E-4C76-8708-B1B313B57558}.Debug|Mixed Platforms.ActiveCfg = Debug|x86
		{E17E6C52-1C9E-4C76-8708-B1B313B57558}.Debug|Mixed Platforms.Build.0 = Debug|x86
		{E17E6C52-1C9E-4C76-8708-B1B313B57558}.Debug|x86.ActiveCfg = Debug|x86
		{E17E6C52-1C9E-4C76-8708-B1B313B57558}.Debug|x86.Build.0 = Debug|x86
		{E17E6C52-1C9E-4C76-8708-B1B313B57558}.Release|Any CPU.ActiveCfg = Release|x86
		{E17E6C52-1C9E-4C76-8708-B1B313B57558}.Release|Mixed Platforms.ActiveCfg = Release|x86
		{E17E6C52-1C9E-4C76-8708-B1B313B57558}.Release|Mixed Platforms.Build.0 = Release|x86
		{E17E6C52-1C9E-4C76-8708-B1B313B57558}.Release|x86.ActiveCfg = Release|x86
		{E17E6C52-1C9E-4C76-8708-B1B313B57558}.Release|x86.Build.0 = Release|x86
		{D01FA4F8-A431-402F-A818-2E72A631FA82}.Debug|Any CPU.ActiveCfg = Debug|Any CPU
		{D01FA4F8-A431-402F-A818-2E72A631FA82}.Debug|Any CPU.Build.0 = Debug|Any CPU
		{D01FA4F8-A431-402F-A818-2E72A631FA82}.Debug|Mixed Platforms.ActiveCfg = Debug|Any CPU
		{D01FA4F8-A431-402F-A818-2E72A631FA82}.Debug|Mixed Platforms.Build.0 = Debug|Any CPU
		{D01FA4F8-A431-402F-A818-2E72A631FA82}.Debug|x86.ActiveCfg = Debug|Any CPU
		{D01FA4F8-A431-402F-A818-2E72A631FA82}.Release|Any CPU.ActiveCfg = Release|Any CPU
		{D01FA4F8-A431-402F-A818-2E72A631FA82}.Release|Any CPU.Build.0 = Release|Any CPU
		{D01FA4F8-A431-402F-A818-2E72A631FA82}.Release|Mixed Platforms.ActiveCfg = Release|Any CPU
		{D01FA4F8-A431-402F-A818-2E72A631FA82}.Release|Mixed Platforms.Build.0 = Release|Any CPU
		{D01FA4F8-A431-402F-A818-2E72A631FA82}.Release|x86.ActiveCfg = Release|Any CPU
		{53E7B529-90CD-403B-BEB9-70CB456988F9}.Debug|Any CPU.ActiveCfg = Debug|Any CPU
		{53E7B529-90CD-403B-BEB9-70CB456988F9}.Debug|Any CPU.Build.0 = Debug|Any CPU
		{53E7B529-90CD-403B-BEB9-70CB456988F9}.Debug|Mixed Platforms.ActiveCfg = Debug|Any CPU
		{53E7B529-90CD-403B-BEB9-70CB456988F9}.Debug|Mixed Platforms.Build.0 = Debug|Any CPU
		{53E7B529-90CD-403B-BEB9-70CB456988F9}.Debug|x86.ActiveCfg = Debug|Any CPU
		{53E7B529-90CD-403B-BEB9-70CB456988F9}.Release|Any CPU.ActiveCfg = Release|Any CPU
		{53E7B529-90CD-403B-BEB9-70CB456988F9}.Release|Any CPU.Build.0 = Release|Any CPU
		{53E7B529-90CD-403B-BEB9-70CB456988F9}.Release|Mixed Platforms.ActiveCfg = Release|Any CPU
		{53E7B529-90CD-403B-BEB9-70CB456988F9}.Release|Mixed Platforms.Build.0 = Release|Any CPU
		{53E7B529-90CD-403B-BEB9-70CB456988F9}.Release|x86.ActiveCfg = Release|Any CPU
	EndGlobalSection
	GlobalSection(SolutionProperties) = preSolution
		HideSolutionNode = FALSE
	EndGlobalSection
EndGlobal
